---
lockfileVersion: 1
lockfileVendor: redhat
arches:
- arch: x86_64
  packages:
  - url: https://cdn-ubi.redhat.com/content/public/ubi/dist/ubi9/9/x86_64/appstream/os/Packages/c/containers-common-1-96.el9_5.x86_64.rpm
    repoid: ubi-9-for-x86_64-appstream-rpms
    size: 148067
    checksum: sha256:e8f54f5b0699c9fa69bd0a54f78f84ec8cf8c36fdd39a2a7ecc8c86e06fffb7d
    name: containers-common
    evr: 2:1-96.el9_5
    sourcerpm: containers-common-1-96.el9_5.src.rpm
  - url: https://cdn-ubi.redhat.com/content/public/ubi/dist/ubi9/9/x86_64/appstream/os/Packages/c/criu-3.19-1.el9.x86_64.rpm
    repoid: ubi-9-for-x86_64-appstream-rpms
    size: 576009
    checksum: sha256:823ac6aab1745521039d5aa4db2e843cb632854449d5b06420eb52825a985b59
    name: criu
    evr: 3.19-1.el9
    sourcerpm: criu-3.19-1.el9.src.rpm
  - url: https://cdn-ubi.redhat.com/content/public/ubi/dist/ubi9/9/x86_64/appstream/os/Packages/c/criu-libs-3.19-1.el9.x86_64.rpm
    repoid: ubi-9-for-x86_64-appstream-rpms
    size: 33643
    checksum: sha256:bb821ddf9bd0321e0750d2fc5cadd5f531e67cafacf6d92512e714b31133a64d
    name: criu-libs
    evr: 3.19-1.el9
    sourcerpm: criu-3.19-1.el9.src.rpm
  - url: https://cdn-ubi.redhat.com/content/public/ubi/dist/ubi9/9/x86_64/appstream/os/Packages/c/crun-1.16.1-1.el9.x86_64.rpm
    repoid: ubi-9-for-x86_64-appstream-rpms
    size: 231179
    checksum: sha256:799e1b2c4c898c72ccf45118bee379d1a2c427948be07efe547e43cbbda454a4
    name: crun
    evr: 1.16.1-1.el9
    sourcerpm: crun-1.16.1-1.el9.src.rpm
  - url: https://cdn-ubi.redhat.com/content/public/ubi/dist/ubi9/9/x86_64/appstream/os/Packages/f/fuse-overlayfs-1.14-1.el9.x86_64.rpm
    repoid: ubi-9-for-x86_64-appstream-rpms
    size: 71022
    checksum: sha256:884e4034c930e0305d2402da2bdc1eac5a91295da06e554b75c1c9a4529ddbc2
    name: fuse-overlayfs
    evr: 1.14-1.el9
    sourcerpm: fuse-overlayfs-1.14-1.el9.src.rpm
  - url: https://cdn-ubi.redhat.com/content/public/ubi/dist/ubi9/9/x86_64/appstream/os/Packages/f/fuse3-3.10.2-9.el9.x86_64.rpm
    repoid: ubi-9-for-x86_64-appstream-rpms
    size: 58706
    checksum: sha256:4674b4ee6150c8f8be01a028a471c209a6be7c0cf78e9450cf28fb01eaed9ea2
    name: fuse3
    evr: 3.10.2-9.el9
    sourcerpm: fuse3-3.10.2-9.el9.src.rpm
  - url: https://cdn-ubi.redhat.com/content/public/ubi/dist/ubi9/9/x86_64/appstream/os/Packages/f/fuse3-libs-3.10.2-9.el9.x86_64.rpm
    repoid: ubi-9-for-x86_64-appstream-rpms
    size: 95573
    checksum: sha256:945e1d95edbce9c7dba52e9317d4564381efa5a1ba48d4bd49a58c85e47cd717
    name: fuse3-libs
    evr: 3.10.2-9.el9
    sourcerpm: fuse3-3.10.2-9.el9.src.rpm
  - url: https://cdn-ubi.redhat.com/content/public/ubi/dist/ubi9/9/x86_64/appstream/os/Packages/l/libXfixes-5.0.3-16.el9.x86_64.rpm
    repoid: ubi-9-for-x86_64-appstream-rpms
    size: 22318
    checksum: sha256:eeac342b5233b335f15832e92eda87b04b054108fc0f9edd05c1404bc5312c7f
    name: libXfixes
    evr: 5.0.3-16.el9
    sourcerpm: libXfixes-5.0.3-16.el9.src.rpm
  - url: https://cdn-ubi.redhat.com/content/public/ubi/dist/ubi9/9/x86_64/appstream/os/Packages/l/libXxf86vm-1.1.4-18.el9.x86_64.rpm
    repoid: ubi-9-for-x86_64-appstream-rpms
    size: 21077
    checksum: sha256:ef1259f83ec0e6bfdf6d88c6ae294b1b4149d887a722671a28654b7468afeab1
    name: libXxf86vm
    evr: 1.1.4-18.el9
    sourcerpm: libXxf86vm-1.1.4-18.el9.src.rpm
  - url: https://cdn-ubi.redhat.com/content/public/ubi/dist/ubi9/9/x86_64/appstream/os/Packages/l/libdrm-2.4.121-1.el9.x86_64.rpm
    repoid: ubi-9-for-x86_64-appstream-rpms
    size: 168697
    checksum: sha256:3c2e3f02b4828f79bd13898775ac6ceae52e8df92038c8de33c0ac4c8098eb84
    name: libdrm
    evr: 2.4.121-1.el9
    sourcerpm: libdrm-2.4.121-1.el9.src.rpm
  - url: https://cdn-ubi.redhat.com/content/public/ubi/dist/ubi9/9/x86_64/appstream/os/Packages/l/libglvnd-1.3.4-1.el9.x86_64.rpm
    repoid: ubi-9-for-x86_64-appstream-rpms
    size: 140629
    checksum: sha256:4b60c86264a899391b99ff00976d11d6d49c1a7d54194eaa87705888c341c3e5
    name: libglvnd
    evr: 1:1.3.4-1.el9
    sourcerpm: libglvnd-1.3.4-1.el9.src.rpm
  - url: https://cdn-ubi.redhat.com/content/public/ubi/dist/ubi9/9/x86_64/appstream/os/Packages/l/libglvnd-glx-1.3.4-1.el9.x86_64.rpm
    repoid: ubi-9-for-x86_64-appstream-rpms
    size: 150364
    checksum: sha256:a973e36ffe183ed5094b76e402e3cb87a9608b8fcbcebd793a2b67f6b6b86647
    name: libglvnd-glx
    evr: 1:1.3.4-1.el9
    sourcerpm: libglvnd-1.3.4-1.el9.src.rpm
  - url: https://cdn-ubi.redhat.com/content/public/ubi/dist/ubi9/9/x86_64/appstream/os/Packages/l/libnet-1.2-7.el9.x86_64.rpm
    repoid: ubi-9-for-x86_64-appstream-rpms
    size: 61278
    checksum: sha256:738b9a7ab78c149487e349d90c384b59031d5763ba687a6b58a4f853671af86b
    name: libnet
    evr: 1.2-7.el9
    sourcerpm: libnet-1.2-7.el9.src.rpm
  - url: https://cdn-ubi.redhat.com/content/public/ubi/dist/ubi9/9/x86_64/appstream/os/Packages/l/libslirp-4.4.0-8.el9.x86_64.rpm
    repoid: ubi-9-for-x86_64-appstream-rpms
    size: 71992
    checksum: sha256:9bd269ec50504f997683e963481f870bb937c3cfdb54a057e9acca67bf2b7631
    name: libslirp
    evr: 4.4.0-8.el9
    sourcerpm: libslirp-4.4.0-8.el9.src.rpm
  - url: https://cdn-ubi.redhat.com/content/public/ubi/dist/ubi9/9/x86_64/appstream/os/Packages/l/libxshmfence-1.3-10.el9.x86_64.rpm
    repoid: ubi-9-for-x86_64-appstream-rpms
    size: 14099
    checksum: sha256:d4bbbb26d1f725d721724ae734c25e61f97f4252eaf6b3e51884b10e662a10be
    name: libxshmfence
    evr: 1.3-10.el9
    sourcerpm: libxshmfence-1.3-10.el9.src.rpm
  - url: https://cdn-ubi.redhat.com/content/public/ubi/dist/ubi9/9/x86_64/appstream/os/Packages/m/mesa-dri-drivers-24.1.2-3.el9.x86_64.rpm
    repoid: ubi-9-for-x86_64-appstream-rpms
    size: 9187055
    checksum: sha256:ef3aa8997d14219bf443b32d7327b730f039d2b24fd8e9164b133d34d1fbcefc
    name: mesa-dri-drivers
    evr: 24.1.2-3.el9
    sourcerpm: mesa-24.1.2-3.el9.src.rpm
  - url: https://cdn-ubi.redhat.com/content/public/ubi/dist/ubi9/9/x86_64/appstream/os/Packages/m/mesa-filesystem-24.1.2-3.el9.x86_64.rpm
    repoid: ubi-9-for-x86_64-appstream-rpms
    size: 12454
    checksum: sha256:86c911dc9fddf2bbde2d9667c4b2075b081b3eca5b792e7d687f3ea13a712632
    name: mesa-filesystem
    evr: 24.1.2-3.el9
    sourcerpm: mesa-24.1.2-3.el9.src.rpm
  - url: https://cdn-ubi.redhat.com/content/public/ubi/dist/ubi9/9/x86_64/appstream/os/Packages/m/mesa-libGL-24.1.2-3.el9.x86_64.rpm
    repoid: ubi-9-for-x86_64-appstream-rpms
    size: 176019
    checksum: sha256:d361227c9203608f33c4eee0736ee98f82b5b824e21970ac4214ecac998663cb
    name: mesa-libGL
    evr: 24.1.2-3.el9
    sourcerpm: mesa-24.1.2-3.el9.src.rpm
  - url: https://cdn-ubi.redhat.com/content/public/ubi/dist/ubi9/9/x86_64/appstream/os/Packages/m/mesa-libglapi-24.1.2-3.el9.x86_64.rpm
    repoid: ubi-9-for-x86_64-appstream-rpms
    size: 46979
    checksum: sha256:745164d45a1fc73e27092d221dc4edcc8d3607c4166499963cfa89714b0fc944
    name: mesa-libglapi
    evr: 24.1.2-3.el9
    sourcerpm: mesa-24.1.2-3.el9.src.rpm
  - url: https://cdn-ubi.redhat.com/content/public/ubi/dist/ubi9/9/x86_64/appstream/os/Packages/s/skopeo-1.16.1-2.el9_5.x86_64.rpm
    repoid: ubi-9-for-x86_64-appstream-rpms
    size: 9199290
    checksum: sha256:9ee81140efbcd9b024bfc40fb3572a17b64c81831184d90ac8babb52f4949bf7
    name: skopeo
    evr: 2:1.16.1-2.el9_5
    sourcerpm: skopeo-1.16.1-2.el9_5.src.rpm
  - url: https://cdn-ubi.redhat.com/content/public/ubi/dist/ubi9/9/x86_64/appstream/os/Packages/s/slirp4netns-1.3.1-1.el9.x86_64.rpm
    repoid: ubi-9-for-x86_64-appstream-rpms
    size: 50412
    checksum: sha256:ddfeed233ab33a8eaf5dabf37e688398c9801f28822f411fa94e7b134cfd4ae6
    name: slirp4netns
    evr: 1.3.1-1.el9
    sourcerpm: slirp4netns-1.3.1-1.el9.src.rpm
  - url: https://cdn-ubi.redhat.com/content/public/ubi/dist/ubi9/9/x86_64/appstream/os/Packages/y/yajl-2.1.0-22.el9.x86_64.rpm
    repoid: ubi-9-for-x86_64-appstream-rpms
    size: 42586
    checksum: sha256:e130574b0923861bfda720449d00cef5e2dfb13b1da94d5143354b3f2b10709c
    name: yajl
    evr: 2.1.0-22.el9
    sourcerpm: yajl-2.1.0-22.el9.src.rpm
  - url: https://cdn-ubi.redhat.com/content/public/ubi/dist/ubi9/9/x86_64/baseos/os/Packages/f/fuse-common-3.10.2-9.el9.x86_64.rpm
    repoid: ubi-9-for-x86_64-baseos-rpms
    size: 8750
    checksum: sha256:548265cbee787fa659bc79c07e15a12007f39eb70e905bf660ec488f0bb8820f
    name: fuse-common
    evr: 3.10.2-9.el9
    sourcerpm: fuse3-3.10.2-9.el9.src.rpm
  - url: https://cdn-ubi.redhat.com/content/public/ubi/dist/ubi9/9/x86_64/baseos/os/Packages/h/hwdata-0.348-9.15.el9.noarch.rpm
    repoid: ubi-9-for-x86_64-baseos-rpms
    size: 1699184
    checksum: sha256:cadff207e77de9ce3b5867113632655c2aa74a060c959c063f2658a45a94090d
    name: hwdata
    evr: 0.348-9.15.el9
    sourcerpm: hwdata-0.348-9.15.el9.src.rpm
  - url: https://cdn-ubi.redhat.com/content/public/ubi/dist/ubi9/9/x86_64/baseos/os/Packages/k/kmod-28-10.el9.x86_64.rpm
    repoid: ubi-9-for-x86_64-baseos-rpms
    size: 132888
    checksum: sha256:e9ccad17d4c6c30524ec5c2aab8d8d351f2776ab564baccdbd2df9b54e28baea
    name: kmod
    evr: 28-10.el9
    sourcerpm: kmod-28-10.el9.src.rpm
  - url: https://cdn-ubi.redhat.com/content/public/ubi/dist/ubi9/9/x86_64/baseos/os/Packages/l/libnl3-3.9.0-1.el9.x86_64.rpm
    repoid: ubi-9-for-x86_64-baseos-rpms
    size: 367914
    checksum: sha256:f436a96ba3433f501a7015bec2fa35ac05b52b776f0256b9c8cb3e6268086817
    name: libnl3
    evr: 3.9.0-1.el9
    sourcerpm: libnl3-3.9.0-1.el9.src.rpm
  - url: https://cdn-ubi.redhat.com/content/public/ubi/dist/ubi9/9/x86_64/baseos/os/Packages/l/libpciaccess-0.16-7.el9.x86_64.rpm
    repoid: ubi-9-for-x86_64-baseos-rpms
    size: 29603
    checksum: sha256:8ae47c34ab3df3a3be4c1693454149677454ff911e971a3af06644016e065ba2
    name: libpciaccess
    evr: 0.16-7.el9
    sourcerpm: libpciaccess-0.16-7.el9.src.rpm
  - url: https://cdn-ubi.redhat.com/content/public/ubi/dist/ubi9/9/x86_64/baseos/os/Packages/p/protobuf-c-1.3.3-13.el9.x86_64.rpm
    repoid: ubi-9-for-x86_64-baseos-rpms
    size: 38224
    checksum: sha256:9669f5bed1c9532ede399cd1ea6f8937ae7d18cfb56d59f2939a4b456390035f
    name: protobuf-c
    evr: 1.3.3-13.el9
    sourcerpm: protobuf-c-1.3.3-13.el9.src.rpm
  source:
  - url: https://cdn-ubi.redhat.com/content/public/ubi/dist/ubi9/9/x86_64/appstream/source/SRPMS/Packages/c/containers-common-1-96.el9_5.src.rpm
    repoid: ubi-9-for-x86_64-appstream-source-rpms
    size: 156851
    checksum: sha256:2912caaa6b6ed261a11727402af6b180b0b88d01680fd1fb8a55e958cc1f5a38
    name: containers-common
    evr: 2:1-96.el9_5
  - url: https://cdn-ubi.redhat.com/content/public/ubi/dist/ubi9/9/x86_64/appstream/source/SRPMS/Packages/c/criu-3.19-1.el9.src.rpm
    repoid: ubi-9-for-x86_64-appstream-source-rpms
    size: 1397103
    checksum: sha256:e9d46b1c6c4ffa968a235504c57a721185ebc89bbc59e700589c908d0c1872f6
    name: criu
    evr: 3.19-1.el9
  - url: https://cdn-ubi.redhat.com/content/public/ubi/dist/ubi9/9/x86_64/appstream/source/SRPMS/Packages/c/crun-1.16.1-1.el9.src.rpm
    repoid: ubi-9-for-x86_64-appstream-source-rpms
    size: 1774114
    checksum: sha256:c92a9c463ad7fc0f4e9fdef9477ed9128dc5116dbf45091188eb11810322248e
    name: crun
    evr: 1.16.1-1.el9
  - url: https://cdn-ubi.redhat.com/content/public/ubi/dist/ubi9/9/x86_64/appstream/source/SRPMS/Packages/f/fuse-overlayfs-1.14-1.el9.src.rpm
    repoid: ubi-9-for-x86_64-appstream-source-rpms
    size: 114235
    checksum: sha256:ed1f6fd4c4c9efc2e499ffcb86c63d0f82657395e579a3f7b8525a4087ba5ece
    name: fuse-overlayfs
    evr: 1.14-1.el9
  - url: https://cdn-ubi.redhat.com/content/public/ubi/dist/ubi9/9/x86_64/appstream/source/SRPMS/Packages/l/libXfixes-5.0.3-16.el9.src.rpm
    repoid: ubi-9-for-x86_64-appstream-source-rpms
    size: 306511
    checksum: sha256:3c8feb2710a52fe119d58369895cb2a17a10097a0a6b3a2bf469f0e34cf58db6
    name: libXfixes
    evr: 5.0.3-16.el9
  - url: https://cdn-ubi.redhat.com/content/public/ubi/dist/ubi9/9/x86_64/appstream/source/SRPMS/Packages/l/libXxf86vm-1.1.4-18.el9.src.rpm
    repoid: ubi-9-for-x86_64-appstream-source-rpms
    size: 305757
    checksum: sha256:1e6c5a2d734c54d881523b50f1307ece5815574512fd7dedb10ee38282608532
    name: libXxf86vm
    evr: 1.1.4-18.el9
  - url: https://cdn-ubi.redhat.com/content/public/ubi/dist/ubi9/9/x86_64/appstream/source/SRPMS/Packages/l/libdrm-2.4.121-1.el9.src.rpm
    repoid: ubi-9-for-x86_64-appstream-source-rpms
    size: 499835
    checksum: sha256:0532ef3c829377bd78fa6e4976fda47fb80289be070846fe9bd6b9777b53e261
    name: libdrm
    evr: 2.4.121-1.el9
  - url: https://cdn-ubi.redhat.com/content/public/ubi/dist/ubi9/9/x86_64/appstream/source/SRPMS/Packages/l/libglvnd-1.3.4-1.el9.src.rpm
    repoid: ubi-9-for-x86_64-appstream-source-rpms
    size: 1046031
    checksum: sha256:dbb82468e248c1dcb455f14b6c03b2a2772233f0c6b9e542c703bb3e4b96cb90
    name: libglvnd
    evr: 1:1.3.4-1.el9
  - url: https://cdn-ubi.redhat.com/content/public/ubi/dist/ubi9/9/x86_64/appstream/source/SRPMS/Packages/l/libnet-1.2-7.el9.src.rpm
    repoid: ubi-9-for-x86_64-appstream-source-rpms
    size: 611553
    checksum: sha256:bc2724e7061c48e2038f4f47b433bebccedb4ffc227dc351baaf3d5a52f03b08
    name: libnet
    evr: 1.2-7.el9
  - url: https://cdn-ubi.redhat.com/content/public/ubi/dist/ubi9/9/x86_64/appstream/source/SRPMS/Packages/l/libslirp-4.4.0-8.el9.src.rpm
    repoid: ubi-9-for-x86_64-appstream-source-rpms
    size: 128699
    checksum: sha256:5e740382ebf1511fc7c4fa0c1db0bc72fad624329ff9e359cea75cccbed503e4
    name: libslirp
    evr: 4.4.0-8.el9
  - url: https://cdn-ubi.redhat.com/content/public/ubi/dist/ubi9/9/x86_64/appstream/source/SRPMS/Packages/l/libxshmfence-1.3-10.el9.src.rpm
    repoid: ubi-9-for-x86_64-appstream-source-rpms
    size: 319069
    checksum: sha256:9a36c33eafdf600040cb41cc1d8ca40395a3e00f2fd6a41a28ad66644d90edaa
    name: libxshmfence
    evr: 1.3-10.el9
  - url: https://cdn-ubi.redhat.com/content/public/ubi/dist/ubi9/9/x86_64/appstream/source/SRPMS/Packages/m/mesa-24.1.2-3.el9.src.rpm
    repoid: ubi-9-for-x86_64-appstream-source-rpms
    size: 32590003
    checksum: sha256:9a447466edf296aa54b86826d3def6d3ef878e89ae50e16e9fcb25a909580639
    name: mesa
    evr: 24.1.2-3.el9
  - url: https://cdn-ubi.redhat.com/content/public/ubi/dist/ubi9/9/x86_64/appstream/source/SRPMS/Packages/s/skopeo-1.16.1-2.el9_5.src.rpm
    repoid: ubi-9-for-x86_64-appstream-source-rpms
    size: 10396055
    checksum: sha256:fce400705e47b168c1dea350f6993614e163cc4dc380e84240285e30709d189f
    name: skopeo
    evr: 2:1.16.1-2.el9_5
  - url: https://cdn-ubi.redhat.com/content/public/ubi/dist/ubi9/9/x86_64/appstream/source/SRPMS/Packages/s/slirp4netns-1.3.1-1.el9.src.rpm
    repoid: ubi-9-for-x86_64-appstream-source-rpms
    size: 75832
    checksum: sha256:e4cdf96b9b628650dfacd33375fb1ff3893f662a9ec2019ced2f8147fbd60d2a
    name: slirp4netns
    evr: 1.3.1-1.el9
  - url: https://cdn-ubi.redhat.com/content/public/ubi/dist/ubi9/9/x86_64/appstream/source/SRPMS/Packages/y/yajl-2.1.0-22.el9.src.rpm
    repoid: ubi-9-for-x86_64-appstream-source-rpms
    size: 101449
    checksum: sha256:79e361ea2094e08f19c5a441a6e839b5424d1c4848d40cd3b3a5bcf1fb4b41f5
    name: yajl
    evr: 2.1.0-22.el9
  - url: https://cdn-ubi.redhat.com/content/public/ubi/dist/ubi9/9/x86_64/baseos/source/SRPMS/Packages/f/fuse3-3.10.2-9.el9.src.rpm
    repoid: ubi-9-for-x86_64-baseos-source-rpms
    size: 799367
    checksum: sha256:ddfcd07bcdcc07bdabe0f05b2c5c3bb1d6582af9c6b127632dd74f8ca78d56c9
    name: fuse3
    evr: 3.10.2-9.el9
  - url: https://cdn-ubi.redhat.com/content/public/ubi/dist/ubi9/9/x86_64/baseos/source/SRPMS/Packages/h/hwdata-0.348-9.15.el9.src.rpm
    repoid: ubi-9-for-x86_64-baseos-source-rpms
    size: 2461662
    checksum: sha256:2b6d8f8811157db376bd790daa3e1504e0d6a2356a309f08569f94a979484d00
    name: hwdata
    evr: 0.348-9.15.el9
  - url: https://cdn-ubi.redhat.com/content/public/ubi/dist/ubi9/9/x86_64/baseos/source/SRPMS/Packages/k/kmod-28-10.el9.src.rpm
    repoid: ubi-9-for-x86_64-baseos-source-rpms
    size: 582431
    checksum: sha256:28b89be6334167a3a6b3d73c82c11301e1ca065c853b18509eca456c4ee06508
    name: kmod
    evr: 28-10.el9
  - url: https://cdn-ubi.redhat.com/content/public/ubi/dist/ubi9/9/x86_64/baseos/source/SRPMS/Packages/l/libnl3-3.9.0-1.el9.src.rpm
    repoid: ubi-9-for-x86_64-baseos-source-rpms
    size: 5013742
    checksum: sha256:58c3697be0bc4eb3a6981402f10b6f5d00db52e1784f67079e73d170552c3b49
    name: libnl3
    evr: 3.9.0-1.el9
  - url: https://cdn-ubi.redhat.com/content/public/ubi/dist/ubi9/9/x86_64/baseos/source/SRPMS/Packages/l/libpciaccess-0.16-7.el9.src.rpm
    repoid: ubi-9-for-x86_64-baseos-source-rpms
    size: 382367
    checksum: sha256:1db6df2f1176960c34a4c87ee533b039ea2db8a2e2f1cb0312399a2ec5d37f8b
    name: libpciaccess
    evr: 0.16-7.el9
  - url: https://cdn-ubi.redhat.com/content/public/ubi/dist/ubi9/9/x86_64/baseos/source/SRPMS/Packages/p/protobuf-c-1.3.3-13.el9.src.rpm
    repoid: ubi-9-for-x86_64-baseos-source-rpms
    size: 513224
    checksum: sha256:d4d82978c58a2f9ca8e24b953fd9ac74efee41572ec9649c4f2f183cda98b33f
    name: protobuf-c
    evr: 1.3.3-13.el9
  module_metadata: []
